
Microsoft Visual Studio Solution File, Format Version 12.00
Project("{FAE04EC0-301F-11D3-BF4B-00C04F79EFBC}") = "morrowNet", "morrowNet\morrowNet.csproj", "{97C1587A-D268-4CEE-9FF3-27A51E8679EF}"
EndProject
Global
	GlobalSection(SolutionConfigurationPlatforms) = preSolution
		Debug|Any CPU = Debug|Any CPU
		Release|Any CPU = Release|Any CPU
	EndGlobalSection
	GlobalSection(ProjectConfigurationPlatforms) = postSolution
		{97C1587A-D268-4CEE-9FF3-27A51E8679EF}.Debug|Any CPU.ActiveCfg = Debug|Any CPU
		{97C1587A-D268-4CEE-9FF3-27A51E8679EF}.Debug|Any CPU.Build.0 = Debug|Any CPU
		{97C1587A-D268-4CEE-9FF3-27A51E8679EF}.Release|Any CPU.ActiveCfg = Release|Any CPU
		{97C1587A-D268-4CEE-9FF3-27A51E8679EF}.Release|Any CPU.Build.0 = Release|Any CPU
	EndGlobalSection
EndGlobal
